lockfileVersion: '9.0'

settings:
  autoInstallPeers: true
  excludeLinksFromLockfile: false

importers:

  .:
    dependencies:
      '@salomaosnff/migrate':
        specifier: link:../../migrate
        version: link:../../migrate
      '@salomaosnff/migrate-arango':
        specifier: link:../../migrate-arango
        version: link:../../migrate-arango
      arangojs:
        specifier: ^10.1.1
        version: 10.1.1

packages:

  '@types/node@20.19.4':
    resolution: {integrity: sha512-OP+We5WV8Xnbuvw0zC2m4qfB/BJvjyCwtNjhHdJxV1639SGSKrLmJkc3fMnp2Qy8nJyHp8RO6umxELN/dS1/EA==}

  arangojs@10.1.1:
    resolution: {integrity: sha512-nzQFBvJFEGVdaRFWqe4KyZ4ziHis3ULa4U0Hks0K37Fc1mkSJweKRtu+fL0XSn6mPz0SzxJJjXbX/fMWqfr8/g==}
    engines: {node: '>=20'}
    peerDependencies:
      undici: '>=5.21.0'
    peerDependenciesMeta:
      undici:
        optional: true

  undici-types@6.21.0:
    resolution: {integrity: sha512-iwDZqg0QAGrg9Rav5H4n0M64c3mkR59cJ6wQp+7C4nI0gsmExaedaYLNO44eT4AtBBwjbTiGPMlt2Md0T9H9JQ==}

snapshots:

  '@types/node@20.19.4':
    dependencies:
      undici-types: 6.21.0

  arangojs@10.1.1:
    dependencies:
      '@types/node': 20.19.4

  undici-types@6.21.0: {}
